// !$*UTF8*$!
{
	archiveVersion = 1;
	classes = {
	};
	objectVersion = 46;
	objects = {

/* Begin PBXBuildFile section */
		18FCD7971C60D07C00A03A6E /* AppDelegate.swift in Sources */ = {isa = PBXBuildFile; fileRef = 18FCD7961C60D07C00A03A6E /* AppDelegate.swift */; };
		18FCD7991C60D07C00A03A6E /* ViewController.swift in Sources */ = {isa = PBXBuildFile; fileRef = 18FCD7981C60D07C00A03A6E /* ViewController.swift */; };
		18FCD79C1C60D07C00A03A6E /* Main.storyboard in Resources */ = {isa = PBXBuildFile; fileRef = 18FCD79A1C60D07C00A03A6E /* Main.storyboard */; };
		18FCD79E1C60D07C00A03A6E /* Assets.xcassets in Resources */ = {isa = PBXBuildFile; fileRef = 18FCD79D1C60D07C00A03A6E /* Assets.xcassets */; };
		18FCD7A11C60D07C00A03A6E /* LaunchScreen.storyboard in Resources */ = {isa = PBXBuildFile; fileRef = 18FCD79F1C60D07C00A03A6E /* LaunchScreen.storyboard */; };
		18FCD7AC1C60D07C00A03A6E /* DoubanAPITests.swift in Sources */ = {isa = PBXBuildFile; fileRef = 18FCD7AB1C60D07C00A03A6E /* DoubanAPITests.swift */; };
		18FCD7B71C60D07D00A03A6E /* DoubanAPIUITests.swift in Sources */ = {isa = PBXBuildFile; fileRef = 18FCD7B61C60D07D00A03A6E /* DoubanAPIUITests.swift */; };
		18FCD7C51C60D11900A03A6E /* Douban_API_v2.swift in Sources */ = {isa = PBXBuildFile; fileRef = 18FCD7C41C60D11900A03A6E /* Douban_API_v2.swift */; };
		9F1AD4E51C92DA37007BB05E /* DoubanBook.swift in Sources */ = {isa = PBXBuildFile; fileRef = 9F1AD4E41C92DA37007BB05E /* DoubanBook.swift */; };
		9FBB237D1CD1E74800F6950C /* DoubanAnnotation.swift in Sources */ = {isa = PBXBuildFile; fileRef = 9FBB237C1CD1E74800F6950C /* DoubanAnnotation.swift */; };
		9FF775861C9553AA00CC5310 /* SwiftyJSON.framework in Frameworks */ = {isa = PBXBuildFile; fileRef = 9FF775791C9552CD00CC5310 /* SwiftyJSON.framework */; };
		9FF775871C9553AA00CC5310 /* SwiftyJSON.framework in Embed Frameworks */ = {isa = PBXBuildFile; fileRef = 9FF775791C9552CD00CC5310 /* SwiftyJSON.framework */; settings = {ATTRIBUTES = (CodeSignOnCopy, RemoveHeadersOnCopy, ); }; };
		9FF7758C1C96C19100CC5310 /* DoubanBookCollection.swift in Sources */ = {isa = PBXBuildFile; fileRef = 9FF7758B1C96C19100CC5310 /* DoubanBookCollection.swift */; };
/* End PBXBuildFile section */

/* Begin PBXContainerItemProxy section */
		18FCD7A81C60D07C00A03A6E /* PBXContainerItemProxy */ = {
			isa = PBXContainerItemProxy;
			containerPortal = 18FCD78B1C60D07C00A03A6E /* Project object */;
			proxyType = 1;
			remoteGlobalIDString = 18FCD7921C60D07C00A03A6E;
			remoteInfo = DoubanAPI;
		};
		18FCD7B31C60D07D00A03A6E /* PBXContainerItemProxy */ = {
			isa = PBXContainerItemProxy;
			containerPortal = 18FCD78B1C60D07C00A03A6E /* Project object */;
			proxyType = 1;
			remoteGlobalIDString = 18FCD7921C60D07C00A03A6E;
			remoteInfo = DoubanAPI;
		};
		9FF775781C9552CD00CC5310 /* PBXContainerItemProxy */ = {
			isa = PBXContainerItemProxy;
			containerPortal = 9FF7756E1C9552CD00CC5310 /* SwiftyJSON.xcodeproj */;
			proxyType = 2;
			remoteGlobalIDString = 2E4FEFDB19575BE100351305;
			remoteInfo = "SwiftyJSON iOS";
		};
		9FF7757A1C9552CD00CC5310 /* PBXContainerItemProxy */ = {
			isa = PBXContainerItemProxy;
			containerPortal = 9FF7756E1C9552CD00CC5310 /* SwiftyJSON.xcodeproj */;
			proxyType = 2;
			remoteGlobalIDString = 2E4FEFE619575BE100351305;
			remoteInfo = "SwiftyJSON iOS Tests";
		};
		9FF7757C1C9552CD00CC5310 /* PBXContainerItemProxy */ = {
			isa = PBXContainerItemProxy;
			containerPortal = 9FF7756E1C9552CD00CC5310 /* SwiftyJSON.xcodeproj */;
			proxyType = 2;
			remoteGlobalIDString = 9C7DFC5B1A9102BD005AA3F7;
			remoteInfo = "SwiftyJSON OSX";
		};
		9FF7757E1C9552CD00CC5310 /* PBXContainerItemProxy */ = {
			isa = PBXContainerItemProxy;
			containerPortal = 9FF7756E1C9552CD00CC5310 /* SwiftyJSON.xcodeproj */;
			proxyType = 2;
			remoteGlobalIDString = 9C7DFC651A9102BD005AA3F7;
			remoteInfo = "SwiftyJSON OSX Tests";
		};
		9FF775801C9552CD00CC5310 /* PBXContainerItemProxy */ = {
			isa = PBXContainerItemProxy;
			containerPortal = 9FF7756E1C9552CD00CC5310 /* SwiftyJSON.xcodeproj */;
			proxyType = 2;
			remoteGlobalIDString = E4D7CCE81B9465A700EE7221;
			remoteInfo = "SwiftyJSON watchOS";
		};
		9FF775821C9552CD00CC5310 /* PBXContainerItemProxy */ = {
			isa = PBXContainerItemProxy;
			containerPortal = 9FF7756E1C9552CD00CC5310 /* SwiftyJSON.xcodeproj */;
			proxyType = 2;
			remoteGlobalIDString = 7236B4F61BAC14150020529B;
			remoteInfo = "SwiftyJSON tvOS";
		};
		9FF775841C9552CD00CC5310 /* PBXContainerItemProxy */ = {
			isa = PBXContainerItemProxy;
			containerPortal = 9FF7756E1C9552CD00CC5310 /* SwiftyJSON.xcodeproj */;
			proxyType = 2;
			remoteGlobalIDString = A8580F741BCF5C5B00DA927B;
			remoteInfo = "SwiftyJSON tvOS Tests";
		};
		9FF775881C9553AA00CC5310 /* PBXContainerItemProxy */ = {
			isa = PBXContainerItemProxy;
			containerPortal = 9FF7756E1C9552CD00CC5310 /* SwiftyJSON.xcodeproj */;
			proxyType = 1;
			remoteGlobalIDString = 2E4FEFDA19575BE100351305;
			remoteInfo = "SwiftyJSON iOS";
		};
/* End PBXContainerItemProxy section */

/* Begin PBXCopyFilesBuildPhase section */
		9FF7758A1C9553AA00CC5310 /* Embed Frameworks */ = {
			isa = PBXCopyFilesBuildPhase;
			buildActionMask = 2147483647;
			dstPath = "";
			dstSubfolderSpec = 10;
			files = (
				9FF775871C9553AA00CC5310 /* SwiftyJSON.framework in Embed Frameworks */,
			);
			name = "Embed Frameworks";
			runOnlyForDeploymentPostprocessing = 0;
		};
/* End PBXCopyFilesBuildPhase section */

/* Begin PBXFileReference section */
		18FCD7931C60D07C00A03A6E /* DoubanAPI.app */ = {isa = PBXFileReference; explicitFileType = wrapper.application; includeInIndex = 0; path = DoubanAPI.app; sourceTree = BUILT_PRODUCTS_DIR; };
		18FCD7961C60D07C00A03A6E /* AppDelegate.swift */ = {isa = PBXFileReference; lastKnownFileType = sourcecode.swift; path = AppDelegate.swift; sourceTree = "<group>"; };
		18FCD7981C60D07C00A03A6E /* ViewController.swift */ = {isa = PBXFileReference; lastKnownFileType = sourcecode.swift; path = ViewController.swift; sourceTree = "<group>"; };
		18FCD79B1C60D07C00A03A6E /* Base */ = {isa = PBXFileReference; lastKnownFileType = file.storyboard; name = Base; path = Base.lproj/Main.storyboard; sourceTree = "<group>"; };
		18FCD79D1C60D07C00A03A6E /* Assets.xcassets */ = {isa = PBXFileReference; lastKnownFileType = folder.assetcatalog; path = Assets.xcassets; sourceTree = "<group>"; };
		18FCD7A01C60D07C00A03A6E /* Base */ = {isa = PBXFileReference; lastKnownFileType = file.storyboard; name = Base; path = Base.lproj/LaunchScreen.storyboard; sourceTree = "<group>"; };
		18FCD7A21C60D07C00A03A6E /* Info.plist */ = {isa = PBXFileReference; lastKnownFileType = text.plist.xml; path = Info.plist; sourceTree = "<group>"; };
		18FCD7A71C60D07C00A03A6E /* DoubanAPITests.xctest */ = {isa = PBXFileReference; explicitFileType = wrapper.cfbundle; includeInIndex = 0; path = DoubanAPITests.xctest; sourceTree = BUILT_PRODUCTS_DIR; };
		18FCD7AB1C60D07C00A03A6E /* DoubanAPITests.swift */ = {isa = PBXFileReference; lastKnownFileType = sourcecode.swift; path = DoubanAPITests.swift; sourceTree = "<group>"; };
		18FCD7AD1C60D07C00A03A6E /* Info.plist */ = {isa = PBXFileReference; lastKnownFileType = text.plist.xml; path = Info.plist; sourceTree = "<group>"; };
		18FCD7B21C60D07D00A03A6E /* DoubanAPIUITests.xctest */ = {isa = PBXFileReference; explicitFileType = wrapper.cfbundle; includeInIndex = 0; path = DoubanAPIUITests.xctest; sourceTree = BUILT_PRODUCTS_DIR; };
		18FCD7B61C60D07D00A03A6E /* DoubanAPIUITests.swift */ = {isa = PBXFileReference; lastKnownFileType = sourcecode.swift; path = DoubanAPIUITests.swift; sourceTree = "<group>"; };
		18FCD7B81C60D07D00A03A6E /* Info.plist */ = {isa = PBXFileReference; lastKnownFileType = text.plist.xml; path = Info.plist; sourceTree = "<group>"; };
		18FCD7C41C60D11900A03A6E /* Douban_API_v2.swift */ = {isa = PBXFileReference; fileEncoding = 4; lastKnownFileType = sourcecode.swift; path = Douban_API_v2.swift; sourceTree = "<group>"; };
		9F1AD4E41C92DA37007BB05E /* DoubanBook.swift */ = {isa = PBXFileReference; fileEncoding = 4; lastKnownFileType = sourcecode.swift; path = DoubanBook.swift; sourceTree = "<group>"; };
		9FBB237C1CD1E74800F6950C /* DoubanAnnotation.swift */ = {isa = PBXFileReference; fileEncoding = 4; lastKnownFileType = sourcecode.swift; path = DoubanAnnotation.swift; sourceTree = "<group>"; };
		9FF7756E1C9552CD00CC5310 /* SwiftyJSON.xcodeproj */ = {isa = PBXFileReference; lastKnownFileType = "wrapper.pb-project"; name = SwiftyJSON.xcodeproj; path = ../SwiftyJSON/SwiftyJSON.xcodeproj; sourceTree = "<group>"; };
		9FF7758B1C96C19100CC5310 /* DoubanBookCollection.swift */ = {isa = PBXFileReference; fileEncoding = 4; lastKnownFileType = sourcecode.swift; path = DoubanBookCollection.swift; sourceTree = "<group>"; };
/* End PBXFileReference section */

/* Begin PBXFrameworksBuildPhase section */
		18FCD7901C60D07C00A03A6E /* Frameworks */ = {
			isa = PBXFrameworksBuildPhase;
			buildActionMask = 2147483647;
			files = (
				9FF775861C9553AA00CC5310 /* SwiftyJSON.framework in Frameworks */,
			);
			runOnlyForDeploymentPostprocessing = 0;
		};
		18FCD7A41C60D07C00A03A6E /* Frameworks */ = {
			isa = PBXFrameworksBuildPhase;
			buildActionMask = 2147483647;
			files = (
			);
			runOnlyForDeploymentPostprocessing = 0;
		};
		18FCD7AF1C60D07D00A03A6E /* Frameworks */ = {
			isa = PBXFrameworksBuildPhase;
			buildActionMask = 2147483647;
			files = (
			);
			runOnlyForDeploymentPostprocessing = 0;
		};
/* End PBXFrameworksBuildPhase section */

/* Begin PBXGroup section */
		18FCD78A1C60D07C00A03A6E = {
			isa = PBXGroup;
			children = (
				9FF7756E1C9552CD00CC5310 /* SwiftyJSON.xcodeproj */,
				18FCD7951C60D07C00A03A6E /* DoubanAPI */,
				18FCD7AA1C60D07C00A03A6E /* DoubanAPITests */,
				18FCD7B51C60D07D00A03A6E /* DoubanAPIUITests */,
				18FCD7941C60D07C00A03A6E /* Products */,
			);
			sourceTree = "<group>";
		};
		18FCD7941C60D07C00A03A6E /* Products */ = {
			isa = PBXGroup;
			children = (
				18FCD7931C60D07C00A03A6E /* DoubanAPI.app */,
				18FCD7A71C60D07C00A03A6E /* DoubanAPITests.xctest */,
				18FCD7B21C60D07D00A03A6E /* DoubanAPIUITests.xctest */,
			);
			name = Products;
			sourceTree = "<group>";
		};
		18FCD7951C60D07C00A03A6E /* DoubanAPI */ = {
			isa = PBXGroup;
			children = (
				18FCD7961C60D07C00A03A6E /* AppDelegate.swift */,
				9F1AD4E41C92DA37007BB05E /* DoubanBook.swift */,
				9FF7758B1C96C19100CC5310 /* DoubanBookCollection.swift */,
				9FBB237C1CD1E74800F6950C /* DoubanAnnotation.swift */,
				18FCD7C41C60D11900A03A6E /* Douban_API_v2.swift */,
				18FCD7981C60D07C00A03A6E /* ViewController.swift */,
				18FCD79A1C60D07C00A03A6E /* Main.storyboard */,
				18FCD79D1C60D07C00A03A6E /* Assets.xcassets */,
				18FCD79F1C60D07C00A03A6E /* LaunchScreen.storyboard */,
				18FCD7A21C60D07C00A03A6E /* Info.plist */,
			);
			path = DoubanAPI;
			sourceTree = "<group>";
		};
		18FCD7AA1C60D07C00A03A6E /* DoubanAPITests */ = {
			isa = PBXGroup;
			children = (
				18FCD7AB1C60D07C00A03A6E /* DoubanAPITests.swift */,
				18FCD7AD1C60D07C00A03A6E /* Info.plist */,
			);
			path = DoubanAPITests;
			sourceTree = "<group>";
		};
		18FCD7B51C60D07D00A03A6E /* DoubanAPIUITests */ = {
			isa = PBXGroup;
			children = (
				18FCD7B61C60D07D00A03A6E /* DoubanAPIUITests.swift */,
				18FCD7B81C60D07D00A03A6E /* Info.plist */,
			);
			path = DoubanAPIUITests;
			sourceTree = "<group>";
		};
		9FF7756F1C9552CD00CC5310 /* Products */ = {
			isa = PBXGroup;
			children = (
				9FF775791C9552CD00CC5310 /* SwiftyJSON.framework */,
				9FF7757B1C9552CD00CC5310 /* SwiftyJSON iOS Tests.xctest */,
				9FF7757D1C9552CD00CC5310 /* SwiftyJSON.framework */,
				9FF7757F1C9552CD00CC5310 /* SwiftyJSON OSX Tests.xctest */,
				9FF775811C9552CD00CC5310 /* SwiftyJSON.framework */,
				9FF775831C9552CD00CC5310 /* SwiftyJSON.framework */,
				9FF775851C9552CD00CC5310 /* SwiftyJSON tvOS Tests.xctest */,
			);
			name = Products;
			sourceTree = "<group>";
		};
/* End PBXGroup section */

/* Begin PBXNativeTarget section */
		18FCD7921C60D07C00A03A6E /* DoubanAPI */ = {
			isa = PBXNativeTarget;
			buildConfigurationList = 18FCD7BB1C60D07D00A03A6E /* Build configuration list for PBXNativeTarget "DoubanAPI" */;
			buildPhases = (
				18FCD78F1C60D07C00A03A6E /* Sources */,
				18FCD7901C60D07C00A03A6E /* Frameworks */,
				18FCD7911C60D07C00A03A6E /* Resources */,
				9FF7758A1C9553AA00CC5310 /* Embed Frameworks */,
			);
			buildRules = (
			);
			dependencies = (
				9FF775891C9553AA00CC5310 /* PBXTargetDependency */,
			);
			name = DoubanAPI;
			productName = DoubanAPI;
			productReference = 18FCD7931C60D07C00A03A6E /* DoubanAPI.app */;
			productType = "com.apple.product-type.application";
		};
		18FCD7A61C60D07C00A03A6E /* DoubanAPITests */ = {
			isa = PBXNativeTarget;
			buildConfigurationList = 18FCD7BE1C60D07D00A03A6E /* Build configuration list for PBXNativeTarget "DoubanAPITests" */;
			buildPhases = (
				18FCD7A31C60D07C00A03A6E /* Sources */,
				18FCD7A41C60D07C00A03A6E /* Frameworks */,
				18FCD7A51C60D07C00A03A6E /* Resources */,
			);
			buildRules = (
			);
			dependencies = (
				18FCD7A91C60D07C00A03A6E /* PBXTargetDependency */,
			);
			name = DoubanAPITests;
			productName = DoubanAPITests;
			productReference = 18FCD7A71C60D07C00A03A6E /* DoubanAPITests.xctest */;
			productType = "com.apple.product-type.bundle.unit-test";
		};
		18FCD7B11C60D07D00A03A6E /* DoubanAPIUITests */ = {
			isa = PBXNativeTarget;
			buildConfigurationList = 18FCD7C11C60D07D00A03A6E /* Build configuration list for PBXNativeTarget "DoubanAPIUITests" */;
			buildPhases = (
				18FCD7AE1C60D07D00A03A6E /* Sources */,
				18FCD7AF1C60D07D00A03A6E /* Frameworks */,
				18FCD7B01C60D07D00A03A6E /* Resources */,
			);
			buildRules = (
			);
			dependencies = (
				18FCD7B41C60D07D00A03A6E /* PBXTargetDependency */,
			);
			name = DoubanAPIUITests;
			productName = DoubanAPIUITests;
			productReference = 18FCD7B21C60D07D00A03A6E /* DoubanAPIUITests.xctest */;
			productType = "com.apple.product-type.bundle.ui-testing";
		};
/* End PBXNativeTarget section */

/* Begin PBXProject section */
		18FCD78B1C60D07C00A03A6E /* Project object */ = {
			isa = PBXProject;
			attributes = {
				LastSwiftUpdateCheck = 0710;
				LastUpgradeCheck = 0710;
				ORGANIZATIONNAME = "向根";
				TargetAttributes = {
					18FCD7921C60D07C00A03A6E = {
						CreatedOnToolsVersion = 7.1;
						DevelopmentTeam = YX8E934XPB;
					};
					18FCD7A61C60D07C00A03A6E = {
						CreatedOnToolsVersion = 7.1;
						DevelopmentTeam = YX8E934XPB;
						TestTargetID = 18FCD7921C60D07C00A03A6E;
					};
					18FCD7B11C60D07D00A03A6E = {
						CreatedOnToolsVersion = 7.1;
						DevelopmentTeam = YX8E934XPB;
						TestTargetID = 18FCD7921C60D07C00A03A6E;
					};
				};
			};
			buildConfigurationList = 18FCD78E1C60D07C00A03A6E /* Build configuration list for PBXProject "DoubanAPI" */;
			compatibilityVersion = "Xcode 3.2";
			developmentRegion = English;
			hasScannedForEncodings = 0;
			knownRegions = (
				en,
				Base,
			);
			mainGroup = 18FCD78A1C60D07C00A03A6E;
			productRefGroup = 18FCD7941C60D07C00A03A6E /* Products */;
			projectDirPath = "";
			projectReferences = (
				{
					ProductGroup = 9FF7756F1C9552CD00CC5310 /* Products */;
					ProjectRef = 9FF7756E1C9552CD00CC5310 /* SwiftyJSON.xcodeproj */;
				},
			);
			projectRoot = "";
			targets = (
				18FCD7921C60D07C00A03A6E /* DoubanAPI */,
				18FCD7A61C60D07C00A03A6E /* DoubanAPITests */,
				18FCD7B11C60D07D00A03A6E /* DoubanAPIUITests */,
			);
		};
/* End PBXProject section */

/* Begin PBXReferenceProxy section */
		9FF775791C9552CD00CC5310 /* SwiftyJSON.framework */ = {
			isa = PBXReferenceProxy;
			fileType = wrapper.framework;
			path = SwiftyJSON.framework;
			remoteRef = 9FF775781C9552CD00CC5310 /* PBXContainerItemProxy */;
			sourceTree = BUILT_PRODUCTS_DIR;
		};
		9FF7757B1C9552CD00CC5310 /* SwiftyJSON iOS Tests.xctest */ = {
			isa = PBXReferenceProxy;
			fileType = wrapper.cfbundle;
			path = "SwiftyJSON iOS Tests.xctest";
			remoteRef = 9FF7757A1C9552CD00CC5310 /* PBXContainerItemProxy */;
			sourceTree = BUILT_PRODUCTS_DIR;
		};
		9FF7757D1C9552CD00CC5310 /* SwiftyJSON.framework */ = {
			isa = PBXReferenceProxy;
			fileType = wrapper.framework;
			path = SwiftyJSON.framework;
			remoteRef = 9FF7757C1C9552CD00CC5310 /* PBXContainerItemProxy */;
			sourceTree = BUILT_PRODUCTS_DIR;
		};
		9FF7757F1C9552CD00CC5310 /* SwiftyJSON OSX Tests.xctest */ = {
			isa = PBXReferenceProxy;
			fileType = wrapper.cfbundle;
			path = "SwiftyJSON OSX Tests.xctest";
			remoteRef = 9FF7757E1C9552CD00CC5310 /* PBXContainerItemProxy */;
			sourceTree = BUILT_PRODUCTS_DIR;
		};
		9FF775811C9552CD00CC5310 /* SwiftyJSON.framework */ = {
			isa = PBXReferenceProxy;
			fileType = wrapper.framework;
			path = SwiftyJSON.framework;
			remoteRef = 9FF775801C9552CD00CC5310 /* PBXContainerItemProxy */;
			sourceTree = BUILT_PRODUCTS_DIR;
		};
		9FF775831C9552CD00CC5310 /* SwiftyJSON.framework */ = {
			isa = PBXReferenceProxy;
			fileType = wrapper.framework;
			path = SwiftyJSON.framework;
			remoteRef = 9FF775821C9552CD00CC5310 /* PBXContainerItemProxy */;
			sourceTree = BUILT_PRODUCTS_DIR;
		};
		9FF775851C9552CD00CC5310 /* SwiftyJSON tvOS Tests.xctest */ = {
			isa = PBXReferenceProxy;
			fileType = wrapper.cfbundle;
			path = "SwiftyJSON tvOS Tests.xctest";
			remoteRef = 9FF775841C9552CD00CC5310 /* PBXContainerItemProxy */;
			sourceTree = BUILT_PRODUCTS_DIR;
		};
/* End PBXReferenceProxy section */

/* Begin PBXResourcesBuildPhase section */
		18FCD7911C60D07C00A03A6E /* Resources */ = {
			isa = PBXResourcesBuildPhase;
			buildActionMask = 2147483647;
			files = (
				18FCD7A11C60D07C00A03A6E /* LaunchScreen.storyboard in Resources */,
				18FCD79E1C60D07C00A03A6E /* Assets.xcassets in Resources */,
				18FCD79C1C60D07C00A03A6E /* Main.storyboard in Resources */,
			);
			runOnlyForDeploymentPostprocessing = 0;
		};
		18FCD7A51C60D07C00A03A6E /* Resources */ = {
			isa = PBXResourcesBuildPhase;
			buildActionMask = 2147483647;
			files = (
			);
			runOnlyForDeploymentPostprocessing = 0;
		};
		18FCD7B01C60D07D00A03A6E /* Resources */ = {
			isa = PBXResourcesBuildPhase;
			buildActionMask = 2147483647;
			files = (
			);
			runOnlyForDeploymentPostprocessing = 0;
		};
/* End PBXResourcesBuildPhase section */

/* Begin PBXSourcesBuildPhase section */
		18FCD78F1C60D07C00A03A6E /* Sources */ = {
			isa = PBXSourcesBuildPhase;
			buildActionMask = 2147483647;
			files = (
				9FBB237D1CD1E74800F6950C /* DoubanAnnotation.swift in Sources */,
				18FCD7C51C60D11900A03A6E /* Douban_API_v2.swift in Sources */,
				18FCD7991C60D07C00A03A6E /* ViewController.swift in Sources */,
				18FCD7971C60D07C00A03A6E /* AppDelegate.swift in Sources */,
				9F1AD4E51C92DA37007BB05E /* DoubanBook.swift in Sources */,
				9FF7758C1C96C19100CC5310 /* DoubanBookCollection.swift in Sources */,
			);
			runOnlyForDeploymentPostprocessing = 0;
		};
		18FCD7A31C60D07C00A03A6E /* Sources */ = {
			isa = PBXSourcesBuildPhase;
			buildActionMask = 2147483647;
			files = (
				18FCD7AC1C60D07C00A03A6E /* DoubanAPITests.swift in Sources */,
			);
			runOnlyForDeploymentPostprocessing = 0;
		};
		18FCD7AE1C60D07D00A03A6E /* Sources */ = {
			isa = PBXSourcesBuildPhase;
			buildActionMask = 2147483647;
			files = (
				18FCD7B71C60D07D00A03A6E /* DoubanAPIUITests.swift in Sources */,
			);
			runOnlyForDeploymentPostprocessing = 0;
		};
/* End PBXSourcesBuildPhase section */

/* Begin PBXTargetDependency section */
		18FCD7A91C60D07C00A03A6E /* PBXTargetDependency */ = {
			isa = PBXTargetDependency;
			target = 18FCD7921C60D07C00A03A6E /* DoubanAPI */;
			targetProxy = 18FCD7A81C60D07C00A03A6E /* PBXContainerItemProxy */;
		};
		18FCD7B41C60D07D00A03A6E /* PBXTargetDependency */ = {
			isa = PBXTargetDependency;
			target = 18FCD7921C60D07C00A03A6E /* DoubanAPI */;
			targetProxy = 18FCD7B31C60D07D00A03A6E /* PBXContainerItemProxy */;
		};
		9FF775891C9553AA00CC5310 /* PBXTargetDependency */ = {
			isa = PBXTargetDependency;
			name = "SwiftyJSON iOS";
			targetProxy = 9FF775881C9553AA00CC5310 /* PBXContainerItemProxy */;
		};
/* End PBXTargetDependency section */

/* Begin PBXVariantGroup section */
		18FCD79A1C60D07C00A03A6E /* Main.storyboard */ = {
			isa = PBXVariantGroup;
			children = (
				18FCD79B1C60D07C00A03A6E /* Base */,
			);
			name = Main.storyboard;
			sourceTree = "<group>";
		};
		18FCD79F1C60D07C00A03A6E /* LaunchScreen.storyboard */ = {
			isa = PBXVariantGroup;
			children = (
				18FCD7A01C60D07C00A03A6E /* Base */,
			);
			name = LaunchScreen.storyboard;
			sourceTree = "<group>";
		};
/* End PBXVariantGroup section */

/* Begin XCBuildConfiguration section */
		18FCD7B91C60D07D00A03A6E /* Debug */ = {
			isa = XCBuildConfiguration;
			buildSettings = {
				ALWAYS_SEARCH_USER_PATHS = NO;
				CLANG_CXX_LANGUAGE_STANDARD = "gnu++0x";
				CLANG_CXX_LIBRARY = "libc++";
				CLANG_ENABLE_MODULES = YES;
				CLANG_ENABLE_OBJC_ARC = YES;
				CLANG_WARN_BOOL_CONVERSION = YES;
				CLANG_WARN_CONSTANT_CONVERSION = YES;
				CLANG_WARN_DIRECT_OBJC_ISA_USAGE = YES_ERROR;
				CLANG_WARN_EMPTY_BODY = YES;
				CLANG_WARN_ENUM_CONVERSION = YES;
				CLANG_WARN_INT_CONVERSION = YES;
				CLANG_WARN_OBJC_ROOT_CLASS = YES_ERROR;
				CLANG_WARN_UNREACHABLE_CODE = YES;
				CLANG_WARN__DUPLICATE_METHOD_MATCH = YES;
				"CODE_SIGN_IDENTITY[sdk=iphoneos*]" = "iPhone Developer";
				COPY_PHASE_STRIP = NO;
				DEBUG_INFORMATION_FORMAT = dwarf;
				ENABLE_STRICT_OBJC_MSGSEND = YES;
				ENABLE_TESTABILITY = YES;
				GCC_C_LANGUAGE_STANDARD = gnu99;
				GCC_DYNAMIC_NO_PIC = NO;
				GCC_NO_COMMON_BLOCKS = YES;
				GCC_OPTIMIZATION_LEVEL = 0;
				GCC_PREPROCESSOR_DEFINITIONS = (
					"DEBUG=1",
					"$(inherited)",
				);
				GCC_WARN_64_TO_32_BIT_CONVERSION = YES;
				GCC_WARN_ABOUT_RETURN_TYPE = YES_ERROR;
				GCC_WARN_UNDECLARED_SELECTOR = YES;
				GCC_WARN_UNINITIALIZED_AUTOS = YES_AGGRESSIVE;
				GCC_WARN_UNUSED_FUNCTION = YES;
				GCC_WARN_UNUSED_VARIABLE = YES;
				IPHONEOS_DEPLOYMENT_TARGET = 9.1;
				MTL_ENABLE_DEBUG_INFO = YES;
				ONLY_ACTIVE_ARCH = YES;
				SDKROOT = iphoneos;
				SWIFT_OPTIMIZATION_LEVEL = "-Onone";
			};
			name = Debug;
		};
		18FCD7BA1C60D07D00A03A6E /* Release */ = {
			isa = XCBuildConfiguration;
			buildSettings = {
				ALWAYS_SEARCH_USER_PATHS = NO;
				CLANG_CXX_LANGUAGE_STANDARD = "gnu++0x";
				CLANG_CXX_LIBRARY = "libc++";
				CLANG_ENABLE_MODULES = YES;
				CLANG_ENABLE_OBJC_ARC = YES;
				CLANG_WARN_BOOL_CONVERSION = YES;
				CLANG_WARN_CONSTANT_CONVERSION = YES;
				CLANG_WARN_DIRECT_OBJC_ISA_USAGE = YES_ERROR;
				CLANG_WARN_EMPTY_BODY = YES;
				CLANG_WARN_ENUM_CONVERSION = YES;
				CLANG_WARN_INT_CONVERSION = YES;
				CLANG_WARN_OBJC_ROOT_CLASS = YES_ERROR;
				CLANG_WARN_UNREACHABLE_CODE = YES;
				CLANG_WARN__DUPLICATE_METHOD_MATCH = YES;
				"CODE_SIGN_IDENTITY[sdk=iphoneos*]" = "iPhone Developer";
				COPY_PHASE_STRIP = NO;
				DEBUG_INFORMATION_FORMAT = "dwarf-with-dsym";
				ENABLE_NS_ASSERTIONS = NO;
				ENABLE_STRICT_OBJC_MSGSEND = YES;
				GCC_C_LANGUAGE_STANDARD = gnu99;
				GCC_NO_COMMON_BLOCKS = YES;
				GCC_WARN_64_TO_32_BIT_CONVERSION = YES;
				GCC_WARN_ABOUT_RETURN_TYPE = YES_ERROR;
				GCC_WARN_UNDECLARED_SELECTOR = YES;
				GCC_WARN_UNINITIALIZED_AUTOS = YES_AGGRESSIVE;
				GCC_WARN_UNUSED_FUNCTION = YES;
				GCC_WARN_UNUSED_VARIABLE = YES;
				IPHONEOS_DEPLOYMENT_TARGET = 9.1;
				MTL_ENABLE_DEBUG_INFO = NO;
				SDKROOT = iphoneos;
				VALIDATE_PRODUCT = YES;
			};
			name = Release;
		};
		18FCD7BC1C60D07D00A03A6E /* Debug */ = {
			isa = XCBuildConfiguration;
			buildSettings = {
				ASSETCATALOG_COMPILER_APPICON_NAME = AppIcon;
				EMBEDDED_CONTENT_CONTAINS_SWIFT = YES;
				INFOPLIST_FILE = DoubanAPI/Info.plist;
				LD_RUNPATH_SEARCH_PATHS = "$(inherited) @executable_path/Frameworks";
				PRODUCT_BUNDLE_IDENTIFIER = com.regulusxg.DoubanAPI;
				PRODUCT_NAME = "$(TARGET_NAME)";
			};
			name = Debug;
		};
		18FCD7BD1C60D07D00A03A6E /* Release */ = {
			isa = XCBuildConfiguration;
			buildSettings = {
				ASSETCATALOG_COMPILER_APPICON_NAME = AppIcon;
				EMBEDDED_CONTENT_CONTAINS_SWIFT = YES;
				INFOPLIST_FILE = DoubanAPI/Info.plist;
				LD_RUNPATH_SEARCH_PATHS = "$(inherited) @executable_path/Frameworks";
				PRODUCT_BUNDLE_IDENTIFIER = com.regulusxg.DoubanAPI;
				PRODUCT_NAME = "$(TARGET_NAME)";
			};
			name = Release;
		};
		18FCD7BF1C60D07D00A03A6E /* Debug */ = {
			isa = XCBuildConfiguration;
			buildSettings = {
				BUNDLE_LOADER = "$(TEST_HOST)";
				INFOPLIST_FILE = DoubanAPITests/Info.plist;
				LD_RUNPATH_SEARCH_PATHS = "$(inherited) @executable_path/Frameworks @loader_path/Frameworks";
				PRODUCT_BUNDLE_IDENTIFIER = com.regulusxg.DoubanAPITests;
				PRODUCT_NAME = "$(TARGET_NAME)";
				TEST_HOST = "$(BUILT_PRODUCTS_DIR)/DoubanAPI.app/DoubanAPI";
			};
			name = Debug;
		};
		18FCD7C01C60D07D00A03A6E /* Release */ = {
			isa = XCBuildConfiguration;
			buildSettings = {
				BUNDLE_LOADER = "$(TEST_HOST)";
				INFOPLIST_FILE = DoubanAPITests/Info.plist;
				LD_RUNPATH_SEARCH_PATHS = "$(inherited) @executable_path/Frameworks @loader_path/Frameworks";
				PRODUCT_BUNDLE_IDENTIFIER = com.regulusxg.DoubanAPITests;
				PRODUCT_NAME = "$(TARGET_NAME)";
				TEST_HOST = "$(BUILT_PRODUCTS_DIR)/DoubanAPI.app/DoubanAPI";
			};
			name = Release;
		};
		18FCD7C21C60D07D00A03A6E /* Debug */ = {
			isa = XCBuildConfiguration;
			buildSettings = {
				INFOPLIST_FILE = DoubanAPIUITests/Info.plist;
				LD_RUNPATH_SEARCH_PATHS = "$(inherited) @executable_path/Frameworks @loader_path/Frameworks";
				PRODUCT_BUNDLE_IDENTIFIER = com.regulusxg.DoubanAPIUITests;
				PRODUCT_NAME = "$(TARGET_NAME)";
				TEST_TARGET_NAME = DoubanAPI;
				USES_XCTRUNNER = YES;
			};
			name = Debug;
		};
		18FCD7C31C60D07D00A03A6E /* Release */ = {
			isa = XCBuildConfiguration;
			buildSettings = {
				INFOPLIST_FILE = DoubanAPIUITests/Info.plist;
				LD_RUNPATH_SEARCH_PATHS = "$(inherited) @executable_path/Frameworks @loader_path/Frameworks";
				PRODUCT_BUNDLE_IDENTIFIER = com.regulusxg.DoubanAPIUITests;
				PRODUCT_NAME = "$(TARGET_NAME)";
				TEST_TARGET_NAME = DoubanAPI;
				USES_XCTRUNNER = YES;
			};
			name = Release;
		};
/* End XCBuildConfiguration section */

/* Begin XCConfigurationList section */
		18FCD78E1C60D07C00A03A6E /* Build configuration list for PBXProject "DoubanAPI" */ = {
			isa = XCConfigurationList;
			buildConfigurations = (
				18FCD7B91C60D07D00A03A6E /* Debug */,
				18FCD7BA1C60D07D00A03A6E /* Release */,
			);
			defaultConfigurationIsVisible = 0;
			defaultConfigurationName = Release;
		};
		18FCD7BB1C60D07D00A03A6E /* Build configuration list for PBXNativeTarget "DoubanAPI" */ = {
			isa = XCConfigurationList;
			buildConfigurations = (
				18FCD7BC1C60D07D00A03A6E /* Debug */,
				18FCD7BD1C60D07D00A03A6E /* Release */,
			);
			defaultConfigurationIsVisible = 0;
			defaultConfigurationName = Release;
		};
		18FCD7BE1C60D07D00A03A6E /* Build configuration list for PBXNativeTarget "DoubanAPITests" */ = {
			isa = XCConfigurationList;
			buildConfigurations = (
				18FCD7BF1C60D07D00A03A6E /* Debug */,
				18FCD7C01C60D07D00A03A6E /* Release */,
			);
			defaultConfigurationIsVisible = 0;
			defaultConfigurationName = Release;
		};
		18FCD7C11C60D07D00A03A6E /* Build configuration list for PBXNativeTarget "DoubanAPIUITests" */ = {
			isa = XCConfigurationList;
			buildConfigurations = (
				18FCD7C21C60D07D00A03A6E /* Debug */,
				18FCD7C31C60D07D00A03A6E /* Release */,
			);
			defaultConfigurationIsVisible = 0;
			defaultConfigurationName = Release;
		};
/* End XCConfigurationList section */
	};
	rootObject = 18FCD78B1C60D07C00A03A6E /* Project object */;
}
